
Microsoft Visual Studio Solution File, Format Version 12.00
# Visual Studio 15
VisualStudioVersion = 15.0.26730.16
MinimumVisualStudioVersion = 10.0.40219.1
Project("{FAE04EC0-301F-11D3-BF4B-00C04F79EFBC}") = "FE", "FE\FE.csproj", "{59886562-9D6F-4B03-B4A4-62DD908C8694}"
EndProject
Global
	GlobalSection(SolutionConfigurationPlatforms) = preSolution
		Debug|Any CPU = Debug|Any CPU
		Release|Any CPU = Release|Any CPU
	EndGlobalSection
	GlobalSection(ProjectConfigurationPlatforms) = postSolution
		{59886562-9D6F-4B03-B4A4-62DD908C8694}.Debug|Any CPU.ActiveCfg = Debug|Any CPU
		{59886562-9D6F-4B03-B4A4-62DD908C8694}.Debug|Any CPU.Build.0 = Debug|Any CPU
		{59886562-9D6F-4B03-B4A4-62DD908C8694}.Release|Any CPU.ActiveCfg = Release|Any CPU
		{59886562-9D6F-4B03-B4A4-62DD908C8694}.Release|Any CPU.Build.0 = Release|Any CPU
	EndGlobalSection
	GlobalSection(SolutionProperties) = preSolution
		HideSolutionNode = FALSE
	EndGlobalSection
	GlobalSection(ExtensibilityGlobals) = postSolution
		SolutionGuid = {D0130E6A-A973-4F9E-9C72-EAB78416494E}
	EndGlobalSection
EndGlobal
